{
  "name": "quadraphobia",
  "version": "1.0.0",
  "lockfileVersion": 1,
  "requires": true,
  "dependencies": {
    "decimal.js": {
      "version": "10.3.1",
      "resolved": "https://registry.npmjs.org/decimal.js/-/decimal.js-10.3.1.tgz",
      "integrity": "sha512-V0pfhfr8suzyPGOx3nmq4aHqabehUZn6Ch9kyFpV79TGDTWFmHqUqXdabR7QHqxzrYolF4+tVmJhUG4OURg5dQ=="
    },
    "js-big-decimal": {
      "version": "1.3.4",
      "resolved": "https://registry.npmjs.org/js-big-decimal/-/js-big-decimal-1.3.4.tgz",
      "integrity": "sha512-wF8j7/WuGn/mwcgo7xofgeQTmJAf8uaiNRFWaM3usTn4NSQtyggdg8FofFumuVnvftWYEmHZBtxKgRK9hlOPiw=="
    }
  }
}
